
Microsoft Visual Studio Solution File, Format Version 12.00
# Visual Studio Version 17
VisualStudioVersion = 17.3.32811.315
MinimumVisualStudioVersion = 10.0.40219.1
Project("{FAE04EC0-301F-11D3-BF4B-00C04F79EFBC}") = "Domain", "Domain\Domain.csproj", "{004E349F-CB29-442D-887B-78293B762D32}"
EndProject
Project("{FAE04EC0-301F-11D3-BF4B-00C04F79EFBC}") = "DAL", "DAL\DAL.csproj", "{761AC60D-98E5-4672-A373-AF310D61B026}"
EndProject
Project("{FAE04EC0-301F-11D3-BF4B-00C04F79EFBC}") = "MVC", "MVC\MVC.csproj", "{6C6FC237-7FAA-47D7-8616-94B95C109DC3}"
EndProject
Global
	GlobalSection(SolutionConfigurationPlatforms) = preSolution
		Debug|Any CPU = Debug|Any CPU
		Release|Any CPU = Release|Any CPU
	EndGlobalSection
	GlobalSection(ProjectConfigurationPlatforms) = postSolution
		{004E349F-CB29-442D-887B-78293B762D32}.Debug|Any CPU.ActiveCfg = Debug|Any CPU
		{004E349F-CB29-442D-887B-78293B762D32}.Debug|Any CPU.Build.0 = Debug|Any CPU
		{004E349F-CB29-442D-887B-78293B762D32}.Release|Any CPU.ActiveCfg = Release|Any CPU
		{004E349F-CB29-442D-887B-78293B762D32}.Release|Any CPU.Build.0 = Release|Any CPU
		{761AC60D-98E5-4672-A373-AF310D61B026}.Debug|Any CPU.ActiveCfg = Debug|Any CPU
		{761AC60D-98E5-4672-A373-AF310D61B026}.Debug|Any CPU.Build.0 = Debug|Any CPU
		{761AC60D-98E5-4672-A373-AF310D61B026}.Release|Any CPU.ActiveCfg = Release|Any CPU
		{761AC60D-98E5-4672-A373-AF310D61B026}.Release|Any CPU.Build.0 = Release|Any CPU
		{6C6FC237-7FAA-47D7-8616-94B95C109DC3}.Debug|Any CPU.ActiveCfg = Debug|Any CPU
		{6C6FC237-7FAA-47D7-8616-94B95C109DC3}.Debug|Any CPU.Build.0 = Debug|Any CPU
		{6C6FC237-7FAA-47D7-8616-94B95C109DC3}.Release|Any CPU.ActiveCfg = Release|Any CPU
		{6C6FC237-7FAA-47D7-8616-94B95C109DC3}.Release|Any CPU.Build.0 = Release|Any CPU
	EndGlobalSection
	GlobalSection(SolutionProperties) = preSolution
		HideSolutionNode = FALSE
	EndGlobalSection
	GlobalSection(ExtensibilityGlobals) = postSolution
		SolutionGuid = {A9B1267B-0ADD-4726-8627-2D3069B13AD5}
	EndGlobalSection
EndGlobal
